PODS:
  - Alamofire (5.4.3)
  - DTPhotoViewerController (3.1.0)
  - JGProgressHUD (2.2)
  - SDWebImage (5.11.1):
    - SDWebImage/Core (= 5.11.1)
  - SDWebImage/Core (5.11.1)

DEPENDENCIES:
  - Alamofire
  - DTPhotoViewerController
  - JGProgressHUD
  - SDWebImage

SPEC REPOS:
  trunk:
    - Alamofire
    - DTPhotoViewerController
    - JGProgressHUD
    - SDWebImage

SPEC CHECKSUMS:
  Alamofire: e447a2774a40c996748296fa2c55112fdbbc42f9
  DTPhotoViewerController: 2b5e64792ee89fcab1f154538577d1856e04e15b
  JGProgressHUD: d83d7a981b85d11205e19ff8ad5bb9c40571c847
  SDWebImage: a7f831e1a65eb5e285e3fb046a23fcfbf08e696d

PODFILE CHECKSUM: e628a4eccd96da2f1e8a6077fd86d4dc0c911075

COCOAPODS: 1.10.1
